
Microsoft Visual Studio Solution File, Format Version 12.00
# Visual Studio Version 16
VisualStudioVersion = 16.0.31019.35
MinimumVisualStudioVersion = 10.0.40219.1
Project("{FAE04EC0-301F-11D3-BF4B-00C04F79EFBC}") = "ConsoleListSeries", "ConsoleListSeries.csproj", "{6DDCBC40-9D46-4E27-B8BA-033F2457D1AA}"
EndProject
Global
	GlobalSection(SolutionConfigurationPlatforms) = preSolution
		Debug|Any CPU = Debug|Any CPU
		Release|Any CPU = Release|Any CPU
	EndGlobalSection
	GlobalSection(ProjectConfigurationPlatforms) = postSolution
		{6DDCBC40-9D46-4E27-B8BA-033F2457D1AA}.Debug|Any CPU.ActiveCfg = Debug|Any CPU
		{6DDCBC40-9D46-4E27-B8BA-033F2457D1AA}.Debug|Any CPU.Build.0 = Debug|Any CPU
		{6DDCBC40-9D46-4E27-B8BA-033F2457D1AA}.Release|Any CPU.ActiveCfg = Release|Any CPU
		{6DDCBC40-9D46-4E27-B8BA-033F2457D1AA}.Release|Any CPU.Build.0 = Release|Any CPU
	EndGlobalSection
	GlobalSection(SolutionProperties) = preSolution
		HideSolutionNode = FALSE
	EndGlobalSection
	GlobalSection(ExtensibilityGlobals) = postSolution
		SolutionGuid = {FD722A24-995C-4740-83FC-95D0B6BA41DD}
	EndGlobalSection
EndGlobal
